
Microsoft Visual Studio Solution File, Format Version 12.00
# Visual Studio Version 16
VisualStudioVersion = 16.0.31624.102
MinimumVisualStudioVersion = 10.0.40219.1
Project("{FAE04EC0-301F-11D3-BF4B-00C04F79EFBC}") = "oop-lesson5-eightball", "oop-lesson5-eightball\oop-lesson5-eightball.csproj", "{69200B13-D2BF-4F25-8C40-22862946C2BB}"
EndProject
Global
	GlobalSection(SolutionConfigurationPlatforms) = preSolution
		Debug|Any CPU = Debug|Any CPU
		Release|Any CPU = Release|Any CPU
	EndGlobalSection
	GlobalSection(ProjectConfigurationPlatforms) = postSolution
		{69200B13-D2BF-4F25-8C40-22862946C2BB}.Debug|Any CPU.ActiveCfg = Debug|Any CPU
		{69200B13-D2BF-4F25-8C40-22862946C2BB}.Debug|Any CPU.Build.0 = Debug|Any CPU
		{69200B13-D2BF-4F25-8C40-22862946C2BB}.Release|Any CPU.ActiveCfg = Release|Any CPU
		{69200B13-D2BF-4F25-8C40-22862946C2BB}.Release|Any CPU.Build.0 = Release|Any CPU
	EndGlobalSection
	GlobalSection(SolutionProperties) = preSolution
		HideSolutionNode = FALSE
	EndGlobalSection
	GlobalSection(ExtensibilityGlobals) = postSolution
		SolutionGuid = {5BCB7331-3F0A-44E4-85D1-36B3617004BC}
	EndGlobalSection
EndGlobal
